
Microsoft Visual Studio Solution File, Format Version 12.00
# Visual Studio 15
VisualStudioVersion = 15.0.28307.271
MinimumVisualStudioVersion = 10.0.40219.1
Project("{F184B08F-C81C-45F6-A57F-5ABD9991F28F}") = "Singular.Web.461", "Singular.Web.461.vbproj", "{5F74AB00-B5E2-47A3-8DBE-F726CB3D03CD}"
EndProject
Global
	GlobalSection(SolutionConfigurationPlatforms) = preSolution
		Debug|Any CPU = Debug|Any CPU
		Release|Any CPU = Release|Any CPU
	EndGlobalSection
	GlobalSection(ProjectConfigurationPlatforms) = postSolution
		{5F74AB00-B5E2-47A3-8DBE-F726CB3D03CD}.Debug|Any CPU.ActiveCfg = Debug|Any CPU
		{5F74AB00-B5E2-47A3-8DBE-F726CB3D03CD}.Debug|Any CPU.Build.0 = Debug|Any CPU
		{5F74AB00-B5E2-47A3-8DBE-F726CB3D03CD}.Release|Any CPU.ActiveCfg = Release|Any CPU
		{5F74AB00-B5E2-47A3-8DBE-F726CB3D03CD}.Release|Any CPU.Build.0 = Release|Any CPU
	EndGlobalSection
	GlobalSection(SolutionProperties) = preSolution
		HideSolutionNode = FALSE
	EndGlobalSection
	GlobalSection(ExtensibilityGlobals) = postSolution
		SolutionGuid = {367C8CAA-579F-4734-BC7F-55508E5493E8}
	EndGlobalSection
EndGlobal
